
Microsoft Visual Studio Solution File, Format Version 12.00
# Visual Studio Version 17
VisualStudioVersion = 17.8.34322.80
MinimumVisualStudioVersion = 10.0.40219.1
Project("{FAE04EC0-301F-11D3-BF4B-00C04F79EFBC}") = "Legszennyezes", "Legszennyezes\Legszennyezes.csproj", "{6638F394-963E-4168-8144-119679E79204}"
EndProject
Global
	GlobalSection(SolutionConfigurationPlatforms) = preSolution
		Debug|Any CPU = Debug|Any CPU
		Release|Any CPU = Release|Any CPU
	EndGlobalSection
	GlobalSection(ProjectConfigurationPlatforms) = postSolution
		{6638F394-963E-4168-8144-119679E79204}.Debug|Any CPU.ActiveCfg = Debug|Any CPU
		{6638F394-963E-4168-8144-119679E79204}.Debug|Any CPU.Build.0 = Debug|Any CPU
		{6638F394-963E-4168-8144-119679E79204}.Release|Any CPU.ActiveCfg = Release|Any CPU
		{6638F394-963E-4168-8144-119679E79204}.Release|Any CPU.Build.0 = Release|Any CPU
	EndGlobalSection
	GlobalSection(SolutionProperties) = preSolution
		HideSolutionNode = FALSE
	EndGlobalSection
	GlobalSection(ExtensibilityGlobals) = postSolution
		SolutionGuid = {A7297367-539E-4EF6-B2AE-2B36B6EB2778}
	EndGlobalSection
EndGlobal
